
Microsoft Visual Studio Solution File, Format Version 12.00
# Visual Studio Version 17
VisualStudioVersion = 17.5.33424.131
MinimumVisualStudioVersion = 10.0.40219.1
Project("{9A19103F-16F7-4668-BE54-9A1E7A4F7556}") = "WebDev.Application", "WebDev.Application\WebDev.Application.csproj", "{CAE56149-A9EF-41C0-BBCD-0BA8106CE42A}"
EndProject
Project("{9A19103F-16F7-4668-BE54-9A1E7A4F7556}") = "WebDev.Data", "WebDev.Data\WebDev.Data.csproj", "{165537F7-E5F4-4979-8A09-D45656E910DE}"
EndProject
Project("{9A19103F-16F7-4668-BE54-9A1E7A4F7556}") = "WebDev.Domain", "WebDev.Domain\WebDev.Domain.csproj", "{426FD6FA-8A4D-44B0-BDCC-E1F8B989565B}"
EndProject
Project("{9A19103F-16F7-4668-BE54-9A1E7A4F7556}") = "WebDev.Application.Contracts", "WebDev.Application.Contracts\WebDev.Application.Contracts.csproj", "{1E80807E-F61B-4A6D-A5E4-977D7F882657}"
EndProject
Project("{9A19103F-16F7-4668-BE54-9A1E7A4F7556}") = "WebDev.Domain.Model", "WebDev.Domain.Model\WebDev.Domain.Model.csproj", "{1EBFFE27-107C-444E-843A-148C694A32F3}"
EndProject
Project("{9A19103F-16F7-4668-BE54-9A1E7A4F7556}") = "WebDev.Web.UI", "WebDev.Web.UI\WebDev.Web.UI.csproj", "{86217649-83F6-4452-81BE-1B004FB77690}"
EndProject
Project("{9A19103F-16F7-4668-BE54-9A1E7A4F7556}") = "WebDev.Web.Common", "WebDev.Web.Common\WebDev.Web.Common.csproj", "{EC604653-5445-4741-BBB8-DCFC56140682}"
EndProject
Global
	GlobalSection(SolutionConfigurationPlatforms) = preSolution
		Debug|Any CPU = Debug|Any CPU
		Release|Any CPU = Release|Any CPU
	EndGlobalSection
	GlobalSection(ProjectConfigurationPlatforms) = postSolution
		{CAE56149-A9EF-41C0-BBCD-0BA8106CE42A}.Debug|Any CPU.ActiveCfg = Debug|Any CPU
		{CAE56149-A9EF-41C0-BBCD-0BA8106CE42A}.Debug|Any CPU.Build.0 = Debug|Any CPU
		{CAE56149-A9EF-41C0-BBCD-0BA8106CE42A}.Release|Any CPU.ActiveCfg = Release|Any CPU
		{CAE56149-A9EF-41C0-BBCD-0BA8106CE42A}.Release|Any CPU.Build.0 = Release|Any CPU
		{165537F7-E5F4-4979-8A09-D45656E910DE}.Debug|Any CPU.ActiveCfg = Debug|Any CPU
		{165537F7-E5F4-4979-8A09-D45656E910DE}.Debug|Any CPU.Build.0 = Debug|Any CPU
		{165537F7-E5F4-4979-8A09-D45656E910DE}.Release|Any CPU.ActiveCfg = Release|Any CPU
		{165537F7-E5F4-4979-8A09-D45656E910DE}.Release|Any CPU.Build.0 = Release|Any CPU
		{426FD6FA-8A4D-44B0-BDCC-E1F8B989565B}.Debug|Any CPU.ActiveCfg = Debug|Any CPU
		{426FD6FA-8A4D-44B0-BDCC-E1F8B989565B}.Debug|Any CPU.Build.0 = Debug|Any CPU
		{426FD6FA-8A4D-44B0-BDCC-E1F8B989565B}.Release|Any CPU.ActiveCfg = Release|Any CPU
		{426FD6FA-8A4D-44B0-BDCC-E1F8B989565B}.Release|Any CPU.Build.0 = Release|Any CPU
		{1E80807E-F61B-4A6D-A5E4-977D7F882657}.Debug|Any CPU.ActiveCfg = Debug|Any CPU
		{1E80807E-F61B-4A6D-A5E4-977D7F882657}.Debug|Any CPU.Build.0 = Debug|Any CPU
		{1E80807E-F61B-4A6D-A5E4-977D7F882657}.Release|Any CPU.ActiveCfg = Release|Any CPU
		{1E80807E-F61B-4A6D-A5E4-977D7F882657}.Release|Any CPU.Build.0 = Release|Any CPU
		{1EBFFE27-107C-444E-843A-148C694A32F3}.Debug|Any CPU.ActiveCfg = Debug|Any CPU
		{1EBFFE27-107C-444E-843A-148C694A32F3}.Debug|Any CPU.Build.0 = Debug|Any CPU
		{1EBFFE27-107C-444E-843A-148C694A32F3}.Release|Any CPU.ActiveCfg = Release|Any CPU
		{1EBFFE27-107C-444E-843A-148C694A32F3}.Release|Any CPU.Build.0 = Release|Any CPU
		{86217649-83F6-4452-81BE-1B004FB77690}.Debug|Any CPU.ActiveCfg = Debug|Any CPU
		{86217649-83F6-4452-81BE-1B004FB77690}.Debug|Any CPU.Build.0 = Debug|Any CPU
		{86217649-83F6-4452-81BE-1B004FB77690}.Release|Any CPU.ActiveCfg = Release|Any CPU
		{86217649-83F6-4452-81BE-1B004FB77690}.Release|Any CPU.Build.0 = Release|Any CPU
		{EC604653-5445-4741-BBB8-DCFC56140682}.Debug|Any CPU.ActiveCfg = Debug|Any CPU
		{EC604653-5445-4741-BBB8-DCFC56140682}.Debug|Any CPU.Build.0 = Debug|Any CPU
		{EC604653-5445-4741-BBB8-DCFC56140682}.Release|Any CPU.ActiveCfg = Release|Any CPU
		{EC604653-5445-4741-BBB8-DCFC56140682}.Release|Any CPU.Build.0 = Release|Any CPU
	EndGlobalSection
	GlobalSection(SolutionProperties) = preSolution
		HideSolutionNode = FALSE
	EndGlobalSection
	GlobalSection(ExtensibilityGlobals) = postSolution
		SolutionGuid = {3D656D51-E573-49A3-AD3D-F891B76FFACB}
	EndGlobalSection
EndGlobal
