
Microsoft Visual Studio Solution File, Format Version 12.00
# Visual Studio Version 17
VisualStudioVersion = 17.5.33424.131
MinimumVisualStudioVersion = 10.0.40219.1
Project("{9A19103F-16F7-4668-BE54-9A1E7A4F7556}") = "WebDev.Web.UI", "WebApplicatieWebdev\WebDev.Web.UI.csproj", "{103625E9-3757-4409-8A60-999B5C568247}"
EndProject
Project("{9A19103F-16F7-4668-BE54-9A1E7A4F7556}") = "WebDev.Web.Common", "WebCommon\WebDev.Web.Common.csproj", "{BFCB1EF5-EF74-4B05-A861-DC7D33A63BCB}"
EndProject
Project("{FAE04EC0-301F-11D3-BF4B-00C04F79EFBC}") = "WebDev.Application", "WebDev.Application\WebDev.Application.csproj", "{CAE56149-A9EF-41C0-BBCD-0BA8106CE42A}"
EndProject
Project("{FAE04EC0-301F-11D3-BF4B-00C04F79EFBC}") = "WebDev.Data", "WebDev.Data\WebDev.Data.csproj", "{165537F7-E5F4-4979-8A09-D45656E910DE}"
EndProject
Project("{FAE04EC0-301F-11D3-BF4B-00C04F79EFBC}") = "WebDev.Domain", "WebDev.Domain\WebDev.Domain.csproj", "{426FD6FA-8A4D-44B0-BDCC-E1F8B989565B}"
EndProject
Project("{FAE04EC0-301F-11D3-BF4B-00C04F79EFBC}") = "WebDev.Application.Contracts", "WebDev.Application.Contracts\WebDev.Application.Contracts.csproj", "{1E80807E-F61B-4A6D-A5E4-977D7F882657}"
EndProject
Project("{FAE04EC0-301F-11D3-BF4B-00C04F79EFBC}") = "WebDev.Domain.Model", "WebDev.Domain.Model\WebDev.Domain.Model.csproj", "{1EBFFE27-107C-444E-843A-148C694A32F3}"
EndProject
Global
	GlobalSection(SolutionConfigurationPlatforms) = preSolution
		Debug|Any CPU = Debug|Any CPU
		Release|Any CPU = Release|Any CPU
	EndGlobalSection
	GlobalSection(ProjectConfigurationPlatforms) = postSolution
		{103625E9-3757-4409-8A60-999B5C568247}.Debug|Any CPU.ActiveCfg = Debug|Any CPU
		{103625E9-3757-4409-8A60-999B5C568247}.Debug|Any CPU.Build.0 = Debug|Any CPU
		{103625E9-3757-4409-8A60-999B5C568247}.Release|Any CPU.ActiveCfg = Release|Any CPU
		{103625E9-3757-4409-8A60-999B5C568247}.Release|Any CPU.Build.0 = Release|Any CPU
		{BFCB1EF5-EF74-4B05-A861-DC7D33A63BCB}.Debug|Any CPU.ActiveCfg = Debug|Any CPU
		{BFCB1EF5-EF74-4B05-A861-DC7D33A63BCB}.Debug|Any CPU.Build.0 = Debug|Any CPU
		{BFCB1EF5-EF74-4B05-A861-DC7D33A63BCB}.Release|Any CPU.ActiveCfg = Release|Any CPU
		{BFCB1EF5-EF74-4B05-A861-DC7D33A63BCB}.Release|Any CPU.Build.0 = Release|Any CPU
		{CAE56149-A9EF-41C0-BBCD-0BA8106CE42A}.Debug|Any CPU.ActiveCfg = Debug|Any CPU
		{CAE56149-A9EF-41C0-BBCD-0BA8106CE42A}.Debug|Any CPU.Build.0 = Debug|Any CPU
		{CAE56149-A9EF-41C0-BBCD-0BA8106CE42A}.Release|Any CPU.ActiveCfg = Release|Any CPU
		{CAE56149-A9EF-41C0-BBCD-0BA8106CE42A}.Release|Any CPU.Build.0 = Release|Any CPU
		{165537F7-E5F4-4979-8A09-D45656E910DE}.Debug|Any CPU.ActiveCfg = Debug|Any CPU
		{165537F7-E5F4-4979-8A09-D45656E910DE}.Debug|Any CPU.Build.0 = Debug|Any CPU
		{165537F7-E5F4-4979-8A09-D45656E910DE}.Release|Any CPU.ActiveCfg = Release|Any CPU
		{165537F7-E5F4-4979-8A09-D45656E910DE}.Release|Any CPU.Build.0 = Release|Any CPU
		{426FD6FA-8A4D-44B0-BDCC-E1F8B989565B}.Debug|Any CPU.ActiveCfg = Debug|Any CPU
		{426FD6FA-8A4D-44B0-BDCC-E1F8B989565B}.Debug|Any CPU.Build.0 = Debug|Any CPU
		{426FD6FA-8A4D-44B0-BDCC-E1F8B989565B}.Release|Any CPU.ActiveCfg = Release|Any CPU
		{426FD6FA-8A4D-44B0-BDCC-E1F8B989565B}.Release|Any CPU.Build.0 = Release|Any CPU
		{1E80807E-F61B-4A6D-A5E4-977D7F882657}.Debug|Any CPU.ActiveCfg = Debug|Any CPU
		{1E80807E-F61B-4A6D-A5E4-977D7F882657}.Debug|Any CPU.Build.0 = Debug|Any CPU
		{1E80807E-F61B-4A6D-A5E4-977D7F882657}.Release|Any CPU.ActiveCfg = Release|Any CPU
		{1E80807E-F61B-4A6D-A5E4-977D7F882657}.Release|Any CPU.Build.0 = Release|Any CPU
		{1EBFFE27-107C-444E-843A-148C694A32F3}.Debug|Any CPU.ActiveCfg = Debug|Any CPU
		{1EBFFE27-107C-444E-843A-148C694A32F3}.Debug|Any CPU.Build.0 = Debug|Any CPU
		{1EBFFE27-107C-444E-843A-148C694A32F3}.Release|Any CPU.ActiveCfg = Release|Any CPU
		{1EBFFE27-107C-444E-843A-148C694A32F3}.Release|Any CPU.Build.0 = Release|Any CPU
	EndGlobalSection
	GlobalSection(SolutionProperties) = preSolution
		HideSolutionNode = FALSE
	EndGlobalSection
	GlobalSection(ExtensibilityGlobals) = postSolution
		SolutionGuid = {3D656D51-E573-49A3-AD3D-F891B76FFACB}
	EndGlobalSection
EndGlobal
